// !$*UTF8*$!
{
	archiveVersion = 1;
	classes = {
	};
	objectVersion = 50;
	objects = {

/* Begin PBXBuildFile section */
		EEC2213324CF7C010066CD87 /* AppDelegate.swift in Sources */ = {isa = PBXBuildFile; fileRef = EEC2213224CF7C010066CD87 /* AppDelegate.swift */; };
		EEC2213524CF7C010066CD87 /* SceneDelegate.swift in Sources */ = {isa = PBXBuildFile; fileRef = EEC2213424CF7C010066CD87 /* SceneDelegate.swift */; };
		EEC2213724CF7C010066CD87 /* ViewController.swift in Sources */ = {isa = PBXBuildFile; fileRef = EEC2213624CF7C010066CD87 /* ViewController.swift */; };
		EEC2213A24CF7C010066CD87 /* Main.storyboard in Resources */ = {isa = PBXBuildFile; fileRef = EEC2213824CF7C010066CD87 /* Main.storyboard */; };
		EEC2213C24CF7C020066CD87 /* Assets.xcassets in Resources */ = {isa = PBXBuildFile; fileRef = EEC2213B24CF7C020066CD87 /* Assets.xcassets */; };
		EEC2213F24CF7C020066CD87 /* LaunchScreen.storyboard in Resources */ = {isa = PBXBuildFile; fileRef = EEC2213D24CF7C020066CD87 /* LaunchScreen.storyboard */; };
		EEC2214A24CF7C020066CD87 /* tipTests.swift in Sources */ = {isa = PBXBuildFile; fileRef = EEC2214924CF7C020066CD87 /* tipTests.swift */; };
		EEC2215524CF7C020066CD87 /* tipUITests.swift in Sources */ = {isa = PBXBuildFile; fileRef = EEC2215424CF7C020066CD87 /* tipUITests.swift */; };
/* End PBXBuildFile section */

/* Begin PBXContainerItemProxy section */
		EEC2214624CF7C020066CD87 /* PBXContainerItemProxy */ = {
			isa = PBXContainerItemProxy;
			containerPortal = EEC2212724CF7C010066CD87 /* Project object */;
			proxyType = 1;
			remoteGlobalIDString = EEC2212E24CF7C010066CD87;
			remoteInfo = tip;
		};
		EEC2215124CF7C020066CD87 /* PBXContainerItemProxy */ = {
			isa = PBXContainerItemProxy;
			containerPortal = EEC2212724CF7C010066CD87 /* Project object */;
			proxyType = 1;
			remoteGlobalIDString = EEC2212E24CF7C010066CD87;
			remoteInfo = tip;
		};
/* End PBXContainerItemProxy section */

/* Begin PBXFileReference section */
		EEC2212F24CF7C010066CD87 /* tip.app */ = {isa = PBXFileReference; explicitFileType = wrapper.application; includeInIndex = 0; path = tip.app; sourceTree = BUILT_PRODUCTS_DIR; };
		EEC2213224CF7C010066CD87 /* AppDelegate.swift */ = {isa = PBXFileReference; lastKnownFileType = sourcecode.swift; path = AppDelegate.swift; sourceTree = "<group>"; };
		EEC2213424CF7C010066CD87 /* SceneDelegate.swift */ = {isa = PBXFileReference; lastKnownFileType = sourcecode.swift; path = SceneDelegate.swift; sourceTree = "<group>"; };
		EEC2213624CF7C010066CD87 /* ViewController.swift */ = {isa = PBXFileReference; lastKnownFileType = sourcecode.swift; path = ViewController.swift; sourceTree = "<group>"; };
		EEC2213924CF7C010066CD87 /* Base */ = {isa = PBXFileReference; lastKnownFileType = file.storyboard; name = Base; path = Base.lproj/Main.storyboard; sourceTree = "<group>"; };
		EEC2213B24CF7C020066CD87 /* Assets.xcassets */ = {isa = PBXFileReference; lastKnownFileType = folder.assetcatalog; path = Assets.xcassets; sourceTree = "<group>"; };
		EEC2213E24CF7C020066CD87 /* Base */ = {isa = PBXFileReference; lastKnownFileType = file.storyboard; name = Base; path = Base.lproj/LaunchScreen.storyboard; sourceTree = "<group>"; };
		EEC2214024CF7C020066CD87 /* Info.plist */ = {isa = PBXFileReference; lastKnownFileType = text.plist.xml; path = Info.plist; sourceTree = "<group>"; };
		EEC2214524CF7C020066CD87 /* tipTests.xctest */ = {isa = PBXFileReference; explicitFileType = wrapper.cfbundle; includeInIndex = 0; path = tipTests.xctest; sourceTree = BUILT_PRODUCTS_DIR; };
		EEC2214924CF7C020066CD87 /* tipTests.swift */ = {isa = PBXFileReference; lastKnownFileType = sourcecode.swift; path = tipTests.swift; sourceTree = "<group>"; };
		EEC2214B24CF7C020066CD87 /* Info.plist */ = {isa = PBXFileReference; lastKnownFileType = text.plist.xml; path = Info.plist; sourceTree = "<group>"; };
		EEC2215024CF7C020066CD87 /* tipUITests.xctest */ = {isa = PBXFileReference; explicitFileType = wrapper.cfbundle; includeInIndex = 0; path = tipUITests.xctest; sourceTree = BUILT_PRODUCTS_DIR; };
		EEC2215424CF7C020066CD87 /* tipUITests.swift */ = {isa = PBXFileReference; lastKnownFileType = sourcecode.swift; path = tipUITests.swift; sourceTree = "<group>"; };
		EEC2215624CF7C020066CD87 /* Info.plist */ = {isa = PBXFileReference; lastKnownFileType = text.plist.xml; path = Info.plist; sourceTree = "<group>"; };
/* End PBXFileReference section */

/* Begin PBXFrameworksBuildPhase section */
		EEC2212C24CF7C010066CD87 /* Frameworks */ = {
			isa = PBXFrameworksBuildPhase;
			buildActionMask = 2147483647;
			files = (
			);
			runOnlyForDeploymentPostprocessing = 0;
		};
		EEC2214224CF7C020066CD87 /* Frameworks */ = {
			isa = PBXFrameworksBuildPhase;
			buildActionMask = 2147483647;
			files = (
			);
			runOnlyForDeploymentPostprocessing = 0;
		};
		EEC2214D24CF7C020066CD87 /* Frameworks */ = {
			isa = PBXFrameworksBuildPhase;
			buildActionMask = 2147483647;
			files = (
			);
			runOnlyForDeploymentPostprocessing = 0;
		};
/* End PBXFrameworksBuildPhase section */

/* Begin PBXGroup section */
		EEC2212624CF7C010066CD87 = {
			isa = PBXGroup;
			children = (
				EEC2213124CF7C010066CD87 /* tip */,
				EEC2214824CF7C020066CD87 /* tipTests */,
				EEC2215324CF7C020066CD87 /* tipUITests */,
				EEC2213024CF7C010066CD87 /* Products */,
			);
			sourceTree = "<group>";
		};
		EEC2213024CF7C010066CD87 /* Products */ = {
			isa = PBXGroup;
			children = (
				EEC2212F24CF7C010066CD87 /* tip.app */,
				EEC2214524CF7C020066CD87 /* tipTests.xctest */,
				EEC2215024CF7C020066CD87 /* tipUITests.xctest */,
			);
			name = Products;
			sourceTree = "<group>";
		};
		EEC2213124CF7C010066CD87 /* tip */ = {
			isa = PBXGroup;
			children = (
				EEC2213224CF7C010066CD87 /* AppDelegate.swift */,
				EEC2213424CF7C010066CD87 /* SceneDelegate.swift */,
				EEC2213624CF7C010066CD87 /* ViewController.swift */,
				EEC2213824CF7C010066CD87 /* Main.storyboard */,
				EEC2213B24CF7C020066CD87 /* Assets.xcassets */,
				EEC2213D24CF7C020066CD87 /* LaunchScreen.storyboard */,
				EEC2214024CF7C020066CD87 /* Info.plist */,
			);
			path = tip;
			sourceTree = "<group>";
		};
		EEC2214824CF7C020066CD87 /* tipTests */ = {
			isa = PBXGroup;
			children = (
				EEC2214924CF7C020066CD87 /* tipTests.swift */,
				EEC2214B24CF7C020066CD87 /* Info.plist */,
			);
			path = tipTests;
			sourceTree = "<group>";
		};
		EEC2215324CF7C020066CD87 /* tipUITests */ = {
			isa = PBXGroup;
			children = (
				EEC2215424CF7C020066CD87 /* tipUITests.swift */,
				EEC2215624CF7C020066CD87 /* Info.plist */,
			);
			path = tipUITests;
			sourceTree = "<group>";
		};
/* End PBXGroup section */

/* Begin PBXNativeTarget section */
		EEC2212E24CF7C010066CD87 /* tip */ = {
			isa = PBXNativeTarget;
			buildConfigurationList = EEC2215924CF7C020066CD87 /* Build configuration list for PBXNativeTarget "tip" */;
			buildPhases = (
				EEC2212B24CF7C010066CD87 /* Sources */,
				EEC2212C24CF7C010066CD87 /* Frameworks */,
				EEC2212D24CF7C010066CD87 /* Resources */,
			);
			buildRules = (
			);
			dependencies = (
			);
			name = tip;
			productName = tip;
			productReference = EEC2212F24CF7C010066CD87 /* tip.app */;
			productType = "com.apple.product-type.application";
		};
		EEC2214424CF7C020066CD87 /* tipTests */ = {
			isa = PBXNativeTarget;
			buildConfigurationList = EEC2215C24CF7C020066CD87 /* Build configuration list for PBXNativeTarget "tipTests" */;
			buildPhases = (
				EEC2214124CF7C020066CD87 /* Sources */,
				EEC2214224CF7C020066CD87 /* Frameworks */,
				EEC2214324CF7C020066CD87 /* Resources */,
			);
			buildRules = (
			);
			dependencies = (
				EEC2214724CF7C020066CD87 /* PBXTargetDependency */,
			);
			name = tipTests;
			productName = tipTests;
			productReference = EEC2214524CF7C020066CD87 /* tipTests.xctest */;
			productType = "com.apple.product-type.bundle.unit-test";
		};
		EEC2214F24CF7C020066CD87 /* tipUITests */ = {
			isa = PBXNativeTarget;
			buildConfigurationList = EEC2215F24CF7C020066CD87 /* Build configuration list for PBXNativeTarget "tipUITests" */;
			buildPhases = (
				EEC2214C24CF7C020066CD87 /* Sources */,
				EEC2214D24CF7C020066CD87 /* Frameworks */,
				EEC2214E24CF7C020066CD87 /* Resources */,
			);
			buildRules = (
			);
			dependencies = (
				EEC2215224CF7C020066CD87 /* PBXTargetDependency */,
			);
			name = tipUITests;
			productName = tipUITests;
			productReference = EEC2215024CF7C020066CD87 /* tipUITests.xctest */;
			productType = "com.apple.product-type.bundle.ui-testing";
		};
/* End PBXNativeTarget section */

/* Begin PBXProject section */
		EEC2212724CF7C010066CD87 /* Project object */ = {
			isa = PBXProject;
			attributes = {
				LastSwiftUpdateCheck = 1150;
				LastUpgradeCheck = 1150;
				ORGANIZATIONNAME = CodePath;
				TargetAttributes = {
					EEC2212E24CF7C010066CD87 = {
						CreatedOnToolsVersion = 11.5;
					};
					EEC2214424CF7C020066CD87 = {
						CreatedOnToolsVersion = 11.5;
						TestTargetID = EEC2212E24CF7C010066CD87;
					};
					EEC2214F24CF7C020066CD87 = {
						CreatedOnToolsVersion = 11.5;
						TestTargetID = EEC2212E24CF7C010066CD87;
					};
				};
			};
			buildConfigurationList = EEC2212A24CF7C010066CD87 /* Build configuration list for PBXProject "tip" */;
			compatibilityVersion = "Xcode 9.3";
			developmentRegion = en;
			hasScannedForEncodings = 0;
			knownRegions = (
				en,
				Base,
			);
			mainGroup = EEC2212624CF7C010066CD87;
			productRefGroup = EEC2213024CF7C010066CD87 /* Products */;
			projectDirPath = "";
			projectRoot = "";
			targets = (
				EEC2212E24CF7C010066CD87 /* tip */,
				EEC2214424CF7C020066CD87 /* tipTests */,
				EEC2214F24CF7C020066CD87 /* tipUITests */,
			);
		};
/* End PBXProject section */

/* Begin PBXResourcesBuildPhase section */
		EEC2212D24CF7C010066CD87 /* Resources */ = {
			isa = PBXResourcesBuildPhase;
			buildActionMask = 2147483647;
			files = (
				EEC2213F24CF7C020066CD87 /* LaunchScreen.storyboard in Resources */,
				EEC2213C24CF7C020066CD87 /* Assets.xcassets in Resources */,
				EEC2213A24CF7C010066CD87 /* Main.storyboard in Resources */,
			);
			runOnlyForDeploymentPostprocessing = 0;
		};
		EEC2214324CF7C020066CD87 /* Resources */ = {
			isa = PBXResourcesBuildPhase;
			buildActionMask = 2147483647;
			files = (
			);
			runOnlyForDeploymentPostprocessing = 0;
		};
		EEC2214E24CF7C020066CD87 /* Resources */ = {
			isa = PBXResourcesBuildPhase;
			buildActionMask = 2147483647;
			files = (
			);
			runOnlyForDeploymentPostprocessing = 0;
		};
/* End PBXResourcesBuildPhase section */

/* Begin PBXSourcesBuildPhase section */
		EEC2212B24CF7C010066CD87 /* Sources */ = {
			isa = PBXSourcesBuildPhase;
			buildActionMask = 2147483647;
			files = (
				EEC2213724CF7C010066CD87 /* ViewController.swift in Sources */,
				EEC2213324CF7C010066CD87 /* AppDelegate.swift in Sources */,
				EEC2213524CF7C010066CD87 /* SceneDelegate.swift in Sources */,
			);
			runOnlyForDeploymentPostprocessing = 0;
		};
		EEC2214124CF7C020066CD87 /* Sources */ = {
			isa = PBXSourcesBuildPhase;
			buildActionMask = 2147483647;
			files = (
				EEC2214A24CF7C020066CD87 /* tipTests.swift in Sources */,
			);
			runOnlyForDeploymentPostprocessing = 0;
		};
		EEC2214C24CF7C020066CD87 /* Sources */ = {
			isa = PBXSourcesBuildPhase;
			buildActionMask = 2147483647;
			files = (
				EEC2215524CF7C020066CD87 /* tipUITests.swift in Sources */,
			);
			runOnlyForDeploymentPostprocessing = 0;
		};
/* End PBXSourcesBuildPhase section */

/* Begin PBXTargetDependency section */
		EEC2214724CF7C020066CD87 /* PBXTargetDependency */ = {
			isa = PBXTargetDependency;
			target = EEC2212E24CF7C010066CD87 /* tip */;
			targetProxy = EEC2214624CF7C020066CD87 /* PBXContainerItemProxy */;
		};
		EEC2215224CF7C020066CD87 /* PBXTargetDependency */ = {
			isa = PBXTargetDependency;
			target = EEC2212E24CF7C010066CD87 /* tip */;
			targetProxy = EEC2215124CF7C020066CD87 /* PBXContainerItemProxy */;
		};
/* End PBXTargetDependency section */

/* Begin PBXVariantGroup section */
		EEC2213824CF7C010066CD87 /* Main.storyboard */ = {
			isa = PBXVariantGroup;
			children = (
				EEC2213924CF7C010066CD87 /* Base */,
			);
			name = Main.storyboard;
			sourceTree = "<group>";
		};
		EEC2213D24CF7C020066CD87 /* LaunchScreen.storyboard */ = {
			isa = PBXVariantGroup;
			children = (
				EEC2213E24CF7C020066CD87 /* Base */,
			);
			name = LaunchScreen.storyboard;
			sourceTree = "<group>";
		};
/* End PBXVariantGroup section */

/* Begin XCBuildConfiguration section */
		EEC2215724CF7C020066CD87 /* Debug */ = {
			isa = XCBuildConfiguration;
			buildSettings = {
				ALWAYS_SEARCH_USER_PATHS = NO;
				CLANG_ANALYZER_NONNULL = YES;
				CLANG_ANALYZER_NUMBER_OBJECT_CONVERSION = YES_AGGRESSIVE;
				CLANG_CXX_LANGUAGE_STANDARD = "gnu++14";
				CLANG_CXX_LIBRARY = "libc++";
				CLANG_ENABLE_MODULES = YES;
				CLANG_ENABLE_OBJC_ARC = YES;
				CLANG_ENABLE_OBJC_WEAK = YES;
				CLANG_WARN_BLOCK_CAPTURE_AUTORELEASING = YES;
				CLANG_WARN_BOOL_CONVERSION = YES;
				CLANG_WARN_COMMA = YES;
				CLANG_WARN_CONSTANT_CONVERSION = YES;
				CLANG_WARN_DEPRECATED_OBJC_IMPLEMENTATIONS = YES;
				CLANG_WARN_DIRECT_OBJC_ISA_USAGE = YES_ERROR;
				CLANG_WARN_DOCUMENTATION_COMMENTS = YES;
				CLANG_WARN_EMPTY_BODY = YES;
				CLANG_WARN_ENUM_CONVERSION = YES;
				CLANG_WARN_INFINITE_RECURSION = YES;
				CLANG_WARN_INT_CONVERSION = YES;
				CLANG_WARN_NON_LITERAL_NULL_CONVERSION = YES;
				CLANG_WARN_OBJC_IMPLICIT_RETAIN_SELF = YES;
				CLANG_WARN_OBJC_LITERAL_CONVERSION = YES;
				CLANG_WARN_OBJC_ROOT_CLASS = YES_ERROR;
				CLANG_WARN_RANGE_LOOP_ANALYSIS = YES;
				CLANG_WARN_STRICT_PROTOTYPES = YES;
				CLANG_WARN_SUSPICIOUS_MOVE = YES;
				CLANG_WARN_UNGUARDED_AVAILABILITY = YES_AGGRESSIVE;
				CLANG_WARN_UNREACHABLE_CODE = YES;
				CLANG_WARN__DUPLICATE_METHOD_MATCH = YES;
				COPY_PHASE_STRIP = NO;
				DEBUG_INFORMATION_FORMAT = dwarf;
				ENABLE_STRICT_OBJC_MSGSEND = YES;
				ENABLE_TESTABILITY = YES;
				GCC_C_LANGUAGE_STANDARD = gnu11;
				GCC_DYNAMIC_NO_PIC = NO;
				GCC_NO_COMMON_BLOCKS = YES;
				GCC_OPTIMIZATION_LEVEL = 0;
				GCC_PREPROCESSOR_DEFINITIONS = (
					"DEBUG=1",
					"$(inherited)",
				);
				GCC_WARN_64_TO_32_BIT_CONVERSION = YES;
				GCC_WARN_ABOUT_RETURN_TYPE = YES_ERROR;
				GCC_WARN_UNDECLARED_SELECTOR = YES;
				GCC_WARN_UNINITIALIZED_AUTOS = YES_AGGRESSIVE;
				GCC_WARN_UNUSED_FUNCTION = YES;
				GCC_WARN_UNUSED_VARIABLE = YES;
				IPHONEOS_DEPLOYMENT_TARGET = 13.5;
				MTL_ENABLE_DEBUG_INFO = INCLUDE_SOURCE;
				MTL_FAST_MATH = YES;
				ONLY_ACTIVE_ARCH = YES;
				SDKROOT = iphoneos;
				SWIFT_ACTIVE_COMPILATION_CONDITIONS = DEBUG;
				SWIFT_OPTIMIZATION_LEVEL = "-Onone";
			};
			name = Debug;
		};
		EEC2215824CF7C020066CD87 /* Release */ = {
			isa = XCBuildConfiguration;
			buildSettings = {
				ALWAYS_SEARCH_USER_PATHS = NO;
				CLANG_ANALYZER_NONNULL = YES;
				CLANG_ANALYZER_NUMBER_OBJECT_CONVERSION = YES_AGGRESSIVE;
				CLANG_CXX_LANGUAGE_STANDARD = "gnu++14";
				CLANG_CXX_LIBRARY = "libc++";
				CLANG_ENABLE_MODULES = YES;
				CLANG_ENABLE_OBJC_ARC = YES;
				CLANG_ENABLE_OBJC_WEAK = YES;
				CLANG_WARN_BLOCK_CAPTURE_AUTORELEASING = YES;
				CLANG_WARN_BOOL_CONVERSION = YES;
				CLANG_WARN_COMMA = YES;
				CLANG_WARN_CONSTANT_CONVERSION = YES;
				CLANG_WARN_DEPRECATED_OBJC_IMPLEMENTATIONS = YES;
				CLANG_WARN_DIRECT_OBJC_ISA_USAGE = YES_ERROR;
				CLANG_WARN_DOCUMENTATION_COMMENTS = YES;
				CLANG_WARN_EMPTY_BODY = YES;
				CLANG_WARN_ENUM_CONVERSION = YES;
				CLANG_WARN_INFINITE_RECURSION = YES;
				CLANG_WARN_INT_CONVERSION = YES;
				CLANG_WARN_NON_LITERAL_NULL_CONVERSION = YES;
				CLANG_WARN_OBJC_IMPLICIT_RETAIN_SELF = YES;
				CLANG_WARN_OBJC_LITERAL_CONVERSION = YES;
				CLANG_WARN_OBJC_ROOT_CLASS = YES_ERROR;
				CLANG_WARN_RANGE_LOOP_ANALYSIS = YES;
				CLANG_WARN_STRICT_PROTOTYPES = YES;
				CLANG_WARN_SUSPICIOUS_MOVE = YES;
				CLANG_WARN_UNGUARDED_AVAILABILITY = YES_AGGRESSIVE;
				CLANG_WARN_UNREACHABLE_CODE = YES;
				CLANG_WARN__DUPLICATE_METHOD_MATCH = YES;
				COPY_PHASE_STRIP = NO;
				DEBUG_INFORMATION_FORMAT = "dwarf-with-dsym";
				ENABLE_NS_ASSERTIONS = NO;
				ENABLE_STRICT_OBJC_MSGSEND = YES;
				GCC_C_LANGUAGE_STANDARD = gnu11;
				GCC_NO_COMMON_BLOCKS = YES;
				GCC_WARN_64_TO_32_BIT_CONVERSION = YES;
				GCC_WARN_ABOUT_RETURN_TYPE = YES_ERROR;
				GCC_WARN_UNDECLARED_SELECTOR = YES;
				GCC_WARN_UNINITIALIZED_AUTOS = YES_AGGRESSIVE;
				GCC_WARN_UNUSED_FUNCTION = YES;
				GCC_WARN_UNUSED_VARIABLE = YES;
				IPHONEOS_DEPLOYMENT_TARGET = 13.5;
				MTL_ENABLE_DEBUG_INFO = NO;
				MTL_FAST_MATH = YES;
				SDKROOT = iphoneos;
				SWIFT_COMPILATION_MODE = wholemodule;
				SWIFT_OPTIMIZATION_LEVEL = "-O";
				VALIDATE_PRODUCT = YES;
			};
			name = Release;
		};
		EEC2215A24CF7C020066CD87 /* Debug */ = {
			isa = XCBuildConfiguration;
			buildSettings = {
				ASSETCATALOG_COMPILER_APPICON_NAME = AppIcon;
				CODE_SIGN_STYLE = Automatic;
				INFOPLIST_FILE = tip/Info.plist;
				LD_RUNPATH_SEARCH_PATHS = (
					"$(inherited)",
					"@executable_path/Frameworks",
				);
				PRODUCT_BUNDLE_IDENTIFIER = codepath.tip;
				PRODUCT_NAME = "$(TARGET_NAME)";
				SWIFT_VERSION = 5.0;
				TARGETED_DEVICE_FAMILY = "1,2";
			};
			name = Debug;
		};
		EEC2215B24CF7C020066CD87 /* Release */ = {
			isa = XCBuildConfiguration;
			buildSettings = {
				ASSETCATALOG_COMPILER_APPICON_NAME = AppIcon;
				CODE_SIGN_STYLE = Automatic;
				INFOPLIST_FILE = tip/Info.plist;
				LD_RUNPATH_SEARCH_PATHS = (
					"$(inherited)",
					"@executable_path/Frameworks",
				);
				PRODUCT_BUNDLE_IDENTIFIER = codepath.tip;
				PRODUCT_NAME = "$(TARGET_NAME)";
				SWIFT_VERSION = 5.0;
				TARGETED_DEVICE_FAMILY = "1,2";
			};
			name = Release;
		};
		EEC2215D24CF7C020066CD87 /* Debug */ = {
			isa = XCBuildConfiguration;
			buildSettings = {
				ALWAYS_EMBED_SWIFT_STANDARD_LIBRARIES = YES;
				BUNDLE_LOADER = "$(TEST_HOST)";
				CODE_SIGN_STYLE = Automatic;
				INFOPLIST_FILE = tipTests/Info.plist;
				IPHONEOS_DEPLOYMENT_TARGET = 13.5;
				LD_RUNPATH_SEARCH_PATHS = (
					"$(inherited)",
					"@executable_path/Frameworks",
					"@loader_path/Frameworks",
				);
				PRODUCT_BUNDLE_IDENTIFIER = codepath.tipTests;
				PRODUCT_NAME = "$(TARGET_NAME)";
				SWIFT_VERSION = 5.0;
				TARGETED_DEVICE_FAMILY = "1,2";
				TEST_HOST = "$(BUILT_PRODUCTS_DIR)/tip.app/tip";
			};
			name = Debug;
		};
		EEC2215E24CF7C020066CD87 /* Release */ = {
			isa = XCBuildConfiguration;
			buildSettings = {
				ALWAYS_EMBED_SWIFT_STANDARD_LIBRARIES = YES;
				BUNDLE_LOADER = "$(TEST_HOST)";
				CODE_SIGN_STYLE = Automatic;
				INFOPLIST_FILE = tipTests/Info.plist;
				IPHONEOS_DEPLOYMENT_TARGET = 13.5;
				LD_RUNPATH_SEARCH_PATHS = (
					"$(inherited)",
					"@executable_path/Frameworks",
					"@loader_path/Frameworks",
				);
				PRODUCT_BUNDLE_IDENTIFIER = codepath.tipTests;
				PRODUCT_NAME = "$(TARGET_NAME)";
				SWIFT_VERSION = 5.0;
				TARGETED_DEVICE_FAMILY = "1,2";
				TEST_HOST = "$(BUILT_PRODUCTS_DIR)/tip.app/tip";
			};
			name = Release;
		};
		EEC2216024CF7C020066CD87 /* Debug */ = {
			isa = XCBuildConfiguration;
			buildSettings = {
				ALWAYS_EMBED_SWIFT_STANDARD_LIBRARIES = YES;
				CODE_SIGN_STYLE = Automatic;
				INFOPLIST_FILE = tipUITests/Info.plist;
				LD_RUNPATH_SEARCH_PATHS = (
					"$(inherited)",
					"@executable_path/Frameworks",
					"@loader_path/Frameworks",
				);
				PRODUCT_BUNDLE_IDENTIFIER = codepath.tipUITests;
				PRODUCT_NAME = "$(TARGET_NAME)";
				SWIFT_VERSION = 5.0;
				TARGETED_DEVICE_FAMILY = "1,2";
				TEST_TARGET_NAME = tip;
			};
			name = Debug;
		};
		EEC2216124CF7C020066CD87 /* Release */ = {
			isa = XCBuildConfiguration;
			buildSettings = {
				ALWAYS_EMBED_SWIFT_STANDARD_LIBRARIES = YES;
				CODE_SIGN_STYLE = Automatic;
				INFOPLIST_FILE = tipUITests/Info.plist;
				LD_RUNPATH_SEARCH_PATHS = (
					"$(inherited)",
					"@executable_path/Frameworks",
					"@loader_path/Frameworks",
				);
				PRODUCT_BUNDLE_IDENTIFIER = codepath.tipUITests;
				PRODUCT_NAME = "$(TARGET_NAME)";
				SWIFT_VERSION = 5.0;
				TARGETED_DEVICE_FAMILY = "1,2";
				TEST_TARGET_NAME = tip;
			};
			name = Release;
		};
/* End XCBuildConfiguration section */

/* Begin XCConfigurationList section */
		EEC2212A24CF7C010066CD87 /* Build configuration list for PBXProject "tip" */ = {
			isa = XCConfigurationList;
			buildConfigurations = (
				EEC2215724CF7C020066CD87 /* Debug */,
				EEC2215824CF7C020066CD87 /* Release */,
			);
			defaultConfigurationIsVisible = 0;
			defaultConfigurationName = Release;
		};
		EEC2215924CF7C020066CD87 /* Build configuration list for PBXNativeTarget "tip" */ = {
			isa = XCConfigurationList;
			buildConfigurations = (
				EEC2215A24CF7C020066CD87 /* Debug */,
				EEC2215B24CF7C020066CD87 /* Release */,
			);
			defaultConfigurationIsVisible = 0;
			defaultConfigurationName = Release;
		};
		EEC2215C24CF7C020066CD87 /* Build configuration list for PBXNativeTarget "tipTests" */ = {
			isa = XCConfigurationList;
			buildConfigurations = (
				EEC2215D24CF7C020066CD87 /* Debug */,
				EEC2215E24CF7C020066CD87 /* Release */,
			);
			defaultConfigurationIsVisible = 0;
			defaultConfigurationName = Release;
		};
		EEC2215F24CF7C020066CD87 /* Build configuration list for PBXNativeTarget "tipUITests" */ = {
			isa = XCConfigurationList;
			buildConfigurations = (
				EEC2216024CF7C020066CD87 /* Debug */,
				EEC2216124CF7C020066CD87 /* Release */,
			);
			defaultConfigurationIsVisible = 0;
			defaultConfigurationName = Release;
		};
/* End XCConfigurationList section */
	};
	rootObject = EEC2212724CF7C010066CD87 /* Project object */;
}
